# This file was autogenerated by Stack.
# You should not edit this file by hand.
# For more information, please see the documentation at:
#   https://docs.haskellstack.org/en/stable/lock_files

packages:
- completed:
    hackage: haskus-utils-variant-2.6.1@sha256:d2f423096ed3f68e6f14f1afb205a1091f0fd3d7d45677842ab69fdd6c6b29e5,2046
    pantry-tree:
      size: 1027
      sha256: 7f9f5d4f0106502042f653047a0be99fbd3980b41f5894a7307a7bcbfa330979
  original:
    hackage: haskus-utils-variant-2.6.1@sha256:d2f423096ed3f68e6f14f1afb205a1091f0fd3d7d45677842ab69fdd6c6b29e5,2046
- completed:
    hackage: haskus-utils-data-1.1.1@sha256:84f804129966028abd95bb33fec2692fa87eceabf93b993c855b502596476e73,1194
    pantry-tree:
      size: 673
      sha256: 69a71b90ea9f7ab965bfad5393755c23609da1ce2775cfed47fe04f8ba59303f
  original:
    hackage: haskus-utils-data-1.1.1@sha256:84f804129966028abd95bb33fec2692fa87eceabf93b993c855b502596476e73,1194
- completed:
    hackage: haskus-utils-types-1.4.1@sha256:4afd7e29d1ed436098d65ed09242cd1ec72bad20a867c1c3c60a074e4b1d5f07,1336
    pantry-tree:
      size: 853
      sha256: c7896aff0a4d9918b87230a84b587534613721970217fa36c353e5145c4818e3
  original:
    hackage: haskus-utils-types-1.4.1@sha256:4afd7e29d1ed436098d65ed09242cd1ec72bad20a867c1c3c60a074e4b1d5f07,1336
snapshots:
- completed:
    size: 489909
    url: https://raw.githubusercontent.com/commercialhaskell/stackage-snapshots/master/nightly/2019/3/9.yaml
    sha256: abd06014fff0482098233dcacdaf8ef884aeef718edcb5c59a707dbfe3aa369e
  original: nightly-2019-03-09
